<?xml version="1.0" encoding="utf-8"?>
<Project ToolsVersion="4.0" xmlns="http://schemas.microsoft.com/developer/msbuild/2003">
  <ItemGroup>
    <ClCompile Include="CollisionManager.cpp">
      <Filter>2D GameFramework</Filter>
    </ClCompile>
    <ClCompile Include="GameActor.cpp">
      <Filter>2D GameFramework</Filter>
    </ClCompile>
    <ClCompile Include="GameObject.cpp">
      <Filter>2D GameFramework</Filter>
    </ClCompile>
    <ClCompile Include="Image.cpp">
      <Filter>2D GameFramework</Filter>
    </ClCompile>
    <ClCompile Include="ImageManager.cpp">
      <Filter>2D GameFramework</Filter>
    </ClCompile>
    <ClCompile Include="KeyManager.cpp">
      <Filter>2D GameFramework</Filter>
    </ClCompile>
    <ClCompile Include="Timer.cpp">
      <Filter>Timer</Filter>
    </ClCompile>
    <ClCompile Include="TimerManager.cpp">
      <Filter>Timer</Filter>
    </ClCompile>
    <ClCompile Include="SampleEnemy.cpp">
      <Filter>Sample</Filter>
    </ClCompile>
    <ClCompile Include="MainGame.cpp">
      <Filter>Source</Filter>
    </ClCompile>
    <ClCompile Include="main.cpp">
      <Filter>Source</Filter>
    </ClCompile>
    <ClCompile Include="Item.cpp">
      <Filter>Item</Filter>
    </ClCompile>
    <ClCompile Include="ActionPattern.cpp">
      <Filter>Source</Filter>
    </ClCompile>
    <ClCompile Include="BackgroundUI.cpp">
      <Filter>Source</Filter>
    </ClCompile>
    <ClCompile Include="Enemy.cpp">
      <Filter>Source</Filter>
    </ClCompile>
    <ClCompile Include="EnemyManager.cpp">
      <Filter>Source</Filter>
    </ClCompile>
    <ClCompile Include="Player.cpp">
      <Filter>Source</Filter>
    </ClCompile>
    <ClCompile Include="StageManager.cpp">
      <Filter>Source</Filter>
    </ClCompile>
    <ClCompile Include="EnemyMissile.cpp">
      <Filter>Source</Filter>
    </ClCompile>
    <ClCompile Include="EnemyMissileManager.cpp">
      <Filter>Source</Filter>
    </ClCompile>
    <ClCompile Include="MissilePattern.cpp">
      <Filter>Source</Filter>
    </ClCompile>
    <ClCompile Include="PlayerMissileAttack.cpp" />
    <ClCompile Include="PlayerAttackManager.cpp" />
    <ClCompile Include="PlayerDefaultAttack.cpp" />
    <ClCompile Include="ItemManager.cpp">
      <Filter>Item</Filter>
    </ClCompile>
    <ClCompile Include="EffectManager.cpp" />
    <ClCompile Include="BossShip.cpp">
      <Filter>Boss</Filter>
    </ClCompile>
    <ClCompile Include="Shot.cpp">
      <Filter>Boss</Filter>
    </ClCompile>
    <ClCompile Include="ShipCanon.cpp">
      <Filter>Boss</Filter>
    </ClCompile>
    <ClCompile Include="ShotManager.cpp">
      <Filter>Boss</Filter>
    </ClCompile>
  </ItemGroup>
  <ItemGroup>
    <ClInclude Include="resource.h" />
    <ClInclude Include="CollisionManager.h">
      <Filter>2D GameFramework</Filter>
    </ClInclude>
    <ClInclude Include="GameActor.h">
      <Filter>2D GameFramework</Filter>
    </ClInclude>
    <ClInclude Include="GameObject.h">
      <Filter>2D GameFramework</Filter>
    </ClInclude>
    <ClInclude Include="Image.h">
      <Filter>2D GameFramework</Filter>
    </ClInclude>
    <ClInclude Include="ImageManager.h">
      <Filter>2D GameFramework</Filter>
    </ClInclude>
    <ClInclude Include="KeyManager.h">
      <Filter>2D GameFramework</Filter>
    </ClInclude>
    <ClInclude Include="Singleton.h">
      <Filter>2D GameFramework</Filter>
    </ClInclude>
    <ClInclude Include="Timer.h">
      <Filter>Timer</Filter>
    </ClInclude>
    <ClInclude Include="TimerManager.h">
      <Filter>Timer</Filter>
    </ClInclude>
    <ClInclude Include="SampleEnemy.h">
      <Filter>Sample</Filter>
    </ClInclude>
    <ClInclude Include="MainGame.h">
      <Filter>Header</Filter>
    </ClInclude>
    <ClInclude Include="Item.h">
      <Filter>Item</Filter>
    </ClInclude>
    <ClInclude Include="ActionPattern.h">
      <Filter>Header</Filter>
    </ClInclude>
    <ClInclude Include="BackgroundUI.h">
      <Filter>Header</Filter>
    </ClInclude>
    <ClInclude Include="Enemy.h">
      <Filter>Header</Filter>
    </ClInclude>
    <ClInclude Include="CommonFunction.h">
      <Filter>Header</Filter>
    </ClInclude>
    <ClInclude Include="config.h">
      <Filter>Header</Filter>
    </ClInclude>
    <ClInclude Include="EnemyManager.h">
      <Filter>Header</Filter>
    </ClInclude>
    <ClInclude Include="Player.h">
      <Filter>Header</Filter>
    </ClInclude>
    <ClInclude Include="StageManager.h">
      <Filter>Header</Filter>
    </ClInclude>
    <ClInclude Include="EnemyMissile.h">
      <Filter>Header</Filter>
    </ClInclude>
    <ClInclude Include="EnemyMissileManager.h">
      <Filter>Header</Filter>
    </ClInclude>
    <ClInclude Include="MissilePattern.h">
      <Filter>Header</Filter>
    </ClInclude>
    <ClInclude Include="PlayerMissileAttack.h" />
    <ClInclude Include="PlayerAttackManager.h" />
    <ClInclude Include="PlayerDefaultAttack.h" />
    <ClInclude Include="ItemManager.h">
      <Filter>Item</Filter>
    </ClInclude>
    <ClInclude Include="EffectManager.h" />
    <ClInclude Include="BossShip.h">
      <Filter>Boss</Filter>
    </ClInclude>
    <ClInclude Include="Shot.h">
      <Filter>Boss</Filter>
    </ClInclude>
    <ClInclude Include="ShipCanon.h">
      <Filter>Boss</Filter>
    </ClInclude>
    <ClInclude Include="ShotManager.h">
      <Filter>Boss</Filter>
    </ClInclude>
  </ItemGroup>
  <ItemGroup>
    <ResourceCompile Include="Wanted_Gunbird.rc" />
  </ItemGroup>
  <ItemGroup>
    <None Include="README.md" />
  </ItemGroup>
  <ItemGroup>
    <Filter Include="2D GameFramework">
      <UniqueIdentifier>{4daaa029-0637-4baa-b9df-159b10233601}</UniqueIdentifier>
    </Filter>
    <Filter Include="Timer">
      <UniqueIdentifier>{e8eeeb08-2ef0-49f7-8846-2c24e0b9eebf}</UniqueIdentifier>
    </Filter>
    <Filter Include="Sample">
      <UniqueIdentifier>{5f67c766-78b2-427e-aab1-aeb1122bc3f7}</UniqueIdentifier>
    </Filter>
    <Filter Include="Source">
      <UniqueIdentifier>{be7899ee-bc74-4563-a204-99f8edbc9c55}</UniqueIdentifier>
    </Filter>
    <Filter Include="Header">
      <UniqueIdentifier>{8463f9be-0a55-4302-ac29-5edc26d4b563}</UniqueIdentifier>
    </Filter>
    <Filter Include="Item">
      <UniqueIdentifier>{0fb13915-191b-4e0f-92ef-fded4b241aa3}</UniqueIdentifier>
    </Filter>
    <Filter Include="Boss">
      <UniqueIdentifier>{bab04b7f-6a60-4eda-835c-1ccc2f6e8fa2}</UniqueIdentifier>
    </Filter>
  </ItemGroup>
</Project>