<?xml version="1.0" encoding="utf-8"?>
<Project ToolsVersion="4.0" xmlns="http://schemas.microsoft.com/developer/msbuild/2003">
  <ItemGroup>
    <ClCompile Include="ActionPattern.cpp" />
    <ClCompile Include="BackgroundUI.cpp" />
    <ClCompile Include="CollisionManager.cpp" />
    <ClCompile Include="Enemy.cpp" />
    <ClCompile Include="EnemyManager.cpp" />
    <ClCompile Include="GameActor.cpp" />
    <ClCompile Include="GameObject.cpp" />
    <ClCompile Include="Image.cpp" />
    <ClCompile Include="ImageManager.cpp" />
    <ClCompile Include="Item.cpp" />
    <ClCompile Include="KeyManager.cpp" />
    <ClCompile Include="main.cpp" />
    <ClCompile Include="MainGame.cpp" />
    <ClCompile Include="Player.cpp" />
    <ClCompile Include="SampleEnemy.cpp" />
    <ClCompile Include="StageManager.cpp" />
    <ClCompile Include="Timer.cpp" />
    <ClCompile Include="TimerManager.cpp" />
    <ClCompile Include="MissileManager.cpp" />
    <ClCompile Include="Missile.cpp" />
  </ItemGroup>
  <ItemGroup>
    <ClInclude Include="ActionPattern.h" />
    <ClInclude Include="BackgroundUI.h" />
    <ClInclude Include="CollisionManager.h" />
    <ClInclude Include="CommonFunction.h" />
    <ClInclude Include="config.h" />
    <ClInclude Include="Enemy.h" />
    <ClInclude Include="EnemyManager.h" />
    <ClInclude Include="GameActor.h" />
    <ClInclude Include="GameObject.h" />
    <ClInclude Include="Image.h" />
    <ClInclude Include="ImageManager.h" />
    <ClInclude Include="Item.h" />
    <ClInclude Include="KeyManager.h" />
    <ClInclude Include="MainGame.h" />
    <ClInclude Include="Player.h" />
    <ClInclude Include="resource.h" />
    <ClInclude Include="SampleEnemy.h" />
    <ClInclude Include="Singleton.h" />
    <ClInclude Include="StageManager.h" />
    <ClInclude Include="Timer.h" />
    <ClInclude Include="TimerManager.h" />
    <ClInclude Include="MissileManager.h" />
    <ClInclude Include="Missile.h" />
  </ItemGroup>
  <ItemGroup>
    <ResourceCompile Include="Wanted_Gunbird.rc" />
  </ItemGroup>
  <ItemGroup>
    <None Include="README.md" />
  </ItemGroup>
</Project>